<?xml version="1.0" encoding="UTF-8" standalone="yes" ?>
<CodeBlocks_project_file>
	<FileVersion major="1" minor="6" />
	<Project>
		<Option title="TPintegrador2" />
		<Option pch_mode="2" />
		<Option compiler="gcc" />
		<Build>
			<Target title="Debug">
				<Option output="bin/Debug/TPintegrador2" prefix_auto="1" extension_auto="1" />
				<Option object_output="obj/Debug/" />
				<Option type="1" />
				<Option compiler="gcc" />
				<Compiler>
					<Add option="-g" />
				</Compiler>
			</Target>
			<Target title="Release">
				<Option output="bin/Release/TPintegrador2" prefix_auto="1" extension_auto="1" />
				<Option object_output="obj/Release/" />
				<Option type="1" />
				<Option compiler="gcc" />
				<Compiler>
					<Add option="-O2" />
				</Compiler>
				<Linker>
					<Add option="-s" />
				</Linker>
			</Target>
		</Build>
		<Compiler>
			<Add option="-Wall" />
		</Compiler>
		<Unit filename="TDAPila.h" />
		<Unit filename="TDAchofer.c">
			<Option compilerVar="CC" />
		</Unit>
		<Unit filename="TDAchofer.h" />
		<Unit filename="TDAcliente.c">
			<Option compilerVar="CC" />
		</Unit>
		<Unit filename="TDAcliente.h" />
		<Unit filename="TDAcuil.c">
			<Option compilerVar="CC" />
		</Unit>
		<Unit filename="TDAcuil.h" />
		<Unit filename="TDAdimension.c">
			<Option compilerVar="CC" />
		</Unit>
		<Unit filename="TDAdimension.h" />
		<Unit filename="TDAdomicilio.c">
			<Option compilerVar="CC" />
		</Unit>
		<Unit filename="TDAdomicilio.h" />
		<Unit filename="TDAfecha.c">
			<Option compilerVar="CC" />
		</Unit>
		<Unit filename="TDAfecha.h" />
		<Unit filename="TDAhora.c">
			<Option compilerVar="CC" />
		</Unit>
		<Unit filename="TDAhora.h" />
		<Unit filename="TDApaquete.c">
			<Option compilerVar="CC" />
		</Unit>
		<Unit filename="TDApaquete.h" />
		<Unit filename="TDApila.c">
			<Option compilerVar="CC" />
		</Unit>
		<Unit filename="TDAreparto.c">
			<Option compilerVar="CC" />
		</Unit>
		<Unit filename="TDAreparto.h" />
		<Unit filename="TDAvehiculo.c">
			<Option compilerVar="CC" />
		</Unit>
		<Unit filename="TDAvehiculo.h" />
		<Unit filename="main.c">
			<Option compilerVar="CC" />
		</Unit>
		<Unit filename="nodo.c">
			<Option compilerVar="CC" />
		</Unit>
		<Unit filename="nodo.h" />
		<Unit filename="util.c">
			<Option compilerVar="CC" />
		</Unit>
		<Unit filename="util.h" />
		<Extensions>
			<lib_finder disable_auto="1" />
		</Extensions>
	</Project>
</CodeBlocks_project_file>
